
Microsoft Visual Studio Solution File, Format Version 12.00
# Visual Studio Version 16
VisualStudioVersion = 16.0.29102.190
MinimumVisualStudioVersion = 10.0.40219.1
Project("{FAE04EC0-301F-11D3-BF4B-00C04F79EFBC}") = "DacpacDeployUtility", "DacpacDeployUtility\DacpacDeployUtility.csproj", "{272E9553-F621-462C-9AC5-1C73927B2EC5}"
EndProject
Global
	GlobalSection(SolutionConfigurationPlatforms) = preSolution
		Debug|Any CPU = Debug|Any CPU
		Release|Any CPU = Release|Any CPU
	EndGlobalSection
	GlobalSection(ProjectConfigurationPlatforms) = postSolution
		{272E9553-F621-462C-9AC5-1C73927B2EC5}.Debug|Any CPU.ActiveCfg = Debug|Any CPU
		{272E9553-F621-462C-9AC5-1C73927B2EC5}.Debug|Any CPU.Build.0 = Debug|Any CPU
		{272E9553-F621-462C-9AC5-1C73927B2EC5}.Release|Any CPU.ActiveCfg = Release|Any CPU
		{272E9553-F621-462C-9AC5-1C73927B2EC5}.Release|Any CPU.Build.0 = Release|Any CPU
	EndGlobalSection
	GlobalSection(SolutionProperties) = preSolution
		HideSolutionNode = FALSE
	EndGlobalSection
	GlobalSection(ExtensibilityGlobals) = postSolution
		SolutionGuid = {7262B4A0-BD6A-45E6-ADC8-D1AA295B10C3}
	EndGlobalSection
EndGlobal
