
Microsoft Visual Studio Solution File, Format Version 12.00
# Visual Studio Version 16
VisualStudioVersion = 16.0.29102.190
MinimumVisualStudioVersion = 10.0.40219.1
Project("{FAE04EC0-301F-11D3-BF4B-00C04F79EFBC}") = "DacpacDeployUtility", "DacpacDeployUtility\DacpacDeployUtility.csproj", "{272E9553-F621-462C-9AC5-1C73927B2EC5}"
EndProject
Project("{FAE04EC0-301F-11D3-BF4B-00C04F79EFBC}") = "BacpacImportUtility", "BacpacImportUtility\BacpacImportUtility.csproj", "{63A3C190-2726-4DFC-8BDB-F96132E00C01}"
EndProject
Project("{9A19103F-16F7-4668-BE54-9A1E7A4F7556}") = "DatabaseBackupUtility", "DatabaseBackupUtility\DatabaseBackupUtility.csproj", "{B0B7FF10-5709-4ABE-A985-B072210D524D}"
EndProject
Project("{FAE04EC0-301F-11D3-BF4B-00C04F79EFBC}") = "DatabaseRestoreUtility", "DatabaseRestoreUtility\DatabaseRestoreUtility.csproj", "{9CB86CC7-2CE2-4E70-AB6B-91CA1005019C}"
EndProject
Project("{FAE04EC0-301F-11D3-BF4B-00C04F79EFBC}") = "DatabaseKiller", "DatabaseKiller\DatabaseKiller.csproj", "{6C07D05E-F6D5-4EF3-9868-AFAD9BFD8D0C}"
EndProject
Global
	GlobalSection(SolutionConfigurationPlatforms) = preSolution
		Debug|Any CPU = Debug|Any CPU
		Release|Any CPU = Release|Any CPU
	EndGlobalSection
	GlobalSection(ProjectConfigurationPlatforms) = postSolution
		{272E9553-F621-462C-9AC5-1C73927B2EC5}.Debug|Any CPU.ActiveCfg = Debug|Any CPU
		{272E9553-F621-462C-9AC5-1C73927B2EC5}.Debug|Any CPU.Build.0 = Debug|Any CPU
		{272E9553-F621-462C-9AC5-1C73927B2EC5}.Release|Any CPU.ActiveCfg = Release|Any CPU
		{272E9553-F621-462C-9AC5-1C73927B2EC5}.Release|Any CPU.Build.0 = Release|Any CPU
		{63A3C190-2726-4DFC-8BDB-F96132E00C01}.Debug|Any CPU.ActiveCfg = Debug|Any CPU
		{63A3C190-2726-4DFC-8BDB-F96132E00C01}.Debug|Any CPU.Build.0 = Debug|Any CPU
		{63A3C190-2726-4DFC-8BDB-F96132E00C01}.Release|Any CPU.ActiveCfg = Release|Any CPU
		{63A3C190-2726-4DFC-8BDB-F96132E00C01}.Release|Any CPU.Build.0 = Release|Any CPU
		{B0B7FF10-5709-4ABE-A985-B072210D524D}.Debug|Any CPU.ActiveCfg = Debug|Any CPU
		{B0B7FF10-5709-4ABE-A985-B072210D524D}.Debug|Any CPU.Build.0 = Debug|Any CPU
		{B0B7FF10-5709-4ABE-A985-B072210D524D}.Release|Any CPU.ActiveCfg = Release|Any CPU
		{B0B7FF10-5709-4ABE-A985-B072210D524D}.Release|Any CPU.Build.0 = Release|Any CPU
		{9CB86CC7-2CE2-4E70-AB6B-91CA1005019C}.Debug|Any CPU.ActiveCfg = Debug|Any CPU
		{9CB86CC7-2CE2-4E70-AB6B-91CA1005019C}.Debug|Any CPU.Build.0 = Debug|Any CPU
		{9CB86CC7-2CE2-4E70-AB6B-91CA1005019C}.Release|Any CPU.ActiveCfg = Release|Any CPU
		{9CB86CC7-2CE2-4E70-AB6B-91CA1005019C}.Release|Any CPU.Build.0 = Release|Any CPU
		{6C07D05E-F6D5-4EF3-9868-AFAD9BFD8D0C}.Debug|Any CPU.ActiveCfg = Debug|Any CPU
		{6C07D05E-F6D5-4EF3-9868-AFAD9BFD8D0C}.Debug|Any CPU.Build.0 = Debug|Any CPU
		{6C07D05E-F6D5-4EF3-9868-AFAD9BFD8D0C}.Release|Any CPU.ActiveCfg = Release|Any CPU
		{6C07D05E-F6D5-4EF3-9868-AFAD9BFD8D0C}.Release|Any CPU.Build.0 = Release|Any CPU
	EndGlobalSection
	GlobalSection(SolutionProperties) = preSolution
		HideSolutionNode = FALSE
	EndGlobalSection
	GlobalSection(ExtensibilityGlobals) = postSolution
		SolutionGuid = {7262B4A0-BD6A-45E6-ADC8-D1AA295B10C3}
	EndGlobalSection
EndGlobal
